// !$*UTF8*$!
{
	archiveVersion = 1;
	classes = {
	};
	objectVersion = 46;
	objects = {

/* Begin PBXBuildFile section */
		4C03731D1D188AB50060A7D1 /* AppDelegate.swift in Sources */ = {isa = PBXBuildFile; fileRef = 4C03731C1D188AB50060A7D1 /* AppDelegate.swift */; };
		4C03731F1D188AB50060A7D1 /* GameScene.sks in Resources */ = {isa = PBXBuildFile; fileRef = 4C03731E1D188AB50060A7D1 /* GameScene.sks */; };
		4C0373211D188AB50060A7D1 /* GameScene.swift in Sources */ = {isa = PBXBuildFile; fileRef = 4C0373201D188AB50060A7D1 /* GameScene.swift */; };
		4C0373231D188AB50060A7D1 /* GameViewController.swift in Sources */ = {isa = PBXBuildFile; fileRef = 4C0373221D188AB50060A7D1 /* GameViewController.swift */; };
		4C0373281D188AB50060A7D1 /* Assets.xcassets in Resources */ = {isa = PBXBuildFile; fileRef = 4C0373271D188AB50060A7D1 /* Assets.xcassets */; };
		4C03732B1D188AB50060A7D1 /* LaunchScreen.storyboard in Resources */ = {isa = PBXBuildFile; fileRef = 4C0373291D188AB50060A7D1 /* LaunchScreen.storyboard */; };
		4C0373361D188AB50060A7D1 /* ForgottenTrailTests.swift in Sources */ = {isa = PBXBuildFile; fileRef = 4C0373351D188AB50060A7D1 /* ForgottenTrailTests.swift */; };
		4C0373411D188AB50060A7D1 /* ForgottenTrailUITests.swift in Sources */ = {isa = PBXBuildFile; fileRef = 4C0373401D188AB50060A7D1 /* ForgottenTrailUITests.swift */; };
		B52B01281D18A159005BDB77 /* Constants.swift in Sources */ = {isa = PBXBuildFile; fileRef = B52B01271D18A159005BDB77 /* Constants.swift */; };
		B52B012A1D18AC29005BDB77 /* Hero.swift in Sources */ = {isa = PBXBuildFile; fileRef = B52B01291D18AC29005BDB77 /* Hero.swift */; };
		B587C2511D4539C300CB7D13 /* Grid.swift in Sources */ = {isa = PBXBuildFile; fileRef = B587C2501D4539C300CB7D13 /* Grid.swift */; };
		C908BE321D47ED87005879FD /* InfoController.swift in Sources */ = {isa = PBXBuildFile; fileRef = C908BE311D47ED87005879FD /* InfoController.swift */; };
		C9147C7A1D1C4AD100294AAB /* Main.storyboard in Resources */ = {isa = PBXBuildFile; fileRef = C9147C791D1C4AD100294AAB /* Main.storyboard */; };
		C9147C7C1D1C7C2100294AAB /* HeroInfoController.swift in Sources */ = {isa = PBXBuildFile; fileRef = C9147C7B1D1C7C2100294AAB /* HeroInfoController.swift */; };
		C9147C821D21D1DB00294AAB /* SelectHeroController.swift in Sources */ = {isa = PBXBuildFile; fileRef = C9147C811D21D1DB00294AAB /* SelectHeroController.swift */; };
		C99040B71D35920100400192 /* StartScreenController.swift in Sources */ = {isa = PBXBuildFile; fileRef = C99040B61D35920100400192 /* StartScreenController.swift */; };
		C9F066D71D494C500037639C /* AchaidhCheide.mp3 in Resources */ = {isa = PBXBuildFile; fileRef = C9F066D61D494C500037639C /* AchaidhCheide.mp3 */; };
		C9F066DA1D49B39F0037639C /* Angevin.mp3 in Resources */ = {isa = PBXBuildFile; fileRef = C9F066D91D49B39F0037639C /* Angevin.mp3 */; };
		C9F066DC1D4A95D00037639C /* Music.swift in Sources */ = {isa = PBXBuildFile; fileRef = C9F066DB1D4A95D00037639C /* Music.swift */; };
		C9F066DE1D4AA6D90037639C /* OptionsViewController.swift in Sources */ = {isa = PBXBuildFile; fileRef = C9F066DD1D4AA6D90037639C /* OptionsViewController.swift */; };
		C9F066E01D4BFD160037639C /* Errigal.mp3 in Resources */ = {isa = PBXBuildFile; fileRef = C9F066DF1D4BFD160037639C /* Errigal.mp3 */; };
		C9F066E21D4BFD1F0037639C /* Celtic Impulse.mp3 in Resources */ = {isa = PBXBuildFile; fileRef = C9F066E11D4BFD1F0037639C /* Celtic Impulse.mp3 */; };
		C9F066E41D4C01870037639C /* Folk Round.mp3 in Resources */ = {isa = PBXBuildFile; fileRef = C9F066E31D4C01870037639C /* Folk Round.mp3 */; };
		C9F066E61D4C02500037639C /* Skye Cuillin.mp3 in Resources */ = {isa = PBXBuildFile; fileRef = C9F066E51D4C02500037639C /* Skye Cuillin.mp3 */; };
		C9F066E81D4C02560037639C /* Hidden Past.mp3 in Resources */ = {isa = PBXBuildFile; fileRef = C9F066E71D4C02560037639C /* Hidden Past.mp3 */; };
/* End PBXBuildFile section */

/* Begin PBXContainerItemProxy section */
		4C0373321D188AB50060A7D1 /* PBXContainerItemProxy */ = {
			isa = PBXContainerItemProxy;
			containerPortal = 4C0373111D188AB50060A7D1 /* Project object */;
			proxyType = 1;
			remoteGlobalIDString = 4C0373181D188AB50060A7D1;
			remoteInfo = ForgottenTrail;
		};
		4C03733D1D188AB50060A7D1 /* PBXContainerItemProxy */ = {
			isa = PBXContainerItemProxy;
			containerPortal = 4C0373111D188AB50060A7D1 /* Project object */;
			proxyType = 1;
			remoteGlobalIDString = 4C0373181D188AB50060A7D1;
			remoteInfo = ForgottenTrail;
		};
/* End PBXContainerItemProxy section */

/* Begin PBXFileReference section */
		4C0373191D188AB50060A7D1 /* ForgottenTrail.app */ = {isa = PBXFileReference; explicitFileType = wrapper.application; includeInIndex = 0; path = ForgottenTrail.app; sourceTree = BUILT_PRODUCTS_DIR; };
		4C03731C1D188AB50060A7D1 /* AppDelegate.swift */ = {isa = PBXFileReference; lastKnownFileType = sourcecode.swift; path = AppDelegate.swift; sourceTree = "<group>"; };
		4C03731E1D188AB50060A7D1 /* GameScene.sks */ = {isa = PBXFileReference; lastKnownFileType = file.sks; path = GameScene.sks; sourceTree = "<group>"; };
		4C0373201D188AB50060A7D1 /* GameScene.swift */ = {isa = PBXFileReference; lastKnownFileType = sourcecode.swift; path = GameScene.swift; sourceTree = "<group>"; };
		4C0373221D188AB50060A7D1 /* GameViewController.swift */ = {isa = PBXFileReference; lastKnownFileType = sourcecode.swift; path = GameViewController.swift; sourceTree = "<group>"; };
		4C0373271D188AB50060A7D1 /* Assets.xcassets */ = {isa = PBXFileReference; lastKnownFileType = folder.assetcatalog; path = Assets.xcassets; sourceTree = "<group>"; };
		4C03732A1D188AB50060A7D1 /* Base */ = {isa = PBXFileReference; lastKnownFileType = file.storyboard; name = Base; path = Base.lproj/LaunchScreen.storyboard; sourceTree = "<group>"; };
		4C03732C1D188AB50060A7D1 /* Info.plist */ = {isa = PBXFileReference; lastKnownFileType = text.plist.xml; path = Info.plist; sourceTree = "<group>"; };
		4C0373311D188AB50060A7D1 /* ForgottenTrailTests.xctest */ = {isa = PBXFileReference; explicitFileType = wrapper.cfbundle; includeInIndex = 0; path = ForgottenTrailTests.xctest; sourceTree = BUILT_PRODUCTS_DIR; };
		4C0373351D188AB50060A7D1 /* ForgottenTrailTests.swift */ = {isa = PBXFileReference; lastKnownFileType = sourcecode.swift; path = ForgottenTrailTests.swift; sourceTree = "<group>"; };
		4C0373371D188AB50060A7D1 /* Info.plist */ = {isa = PBXFileReference; lastKnownFileType = text.plist.xml; path = Info.plist; sourceTree = "<group>"; };
		4C03733C1D188AB50060A7D1 /* ForgottenTrailUITests.xctest */ = {isa = PBXFileReference; explicitFileType = wrapper.cfbundle; includeInIndex = 0; path = ForgottenTrailUITests.xctest; sourceTree = BUILT_PRODUCTS_DIR; };
		4C0373401D188AB50060A7D1 /* ForgottenTrailUITests.swift */ = {isa = PBXFileReference; lastKnownFileType = sourcecode.swift; path = ForgottenTrailUITests.swift; sourceTree = "<group>"; };
		4C0373421D188AB50060A7D1 /* Info.plist */ = {isa = PBXFileReference; lastKnownFileType = text.plist.xml; path = Info.plist; sourceTree = "<group>"; };
		B52B01271D18A159005BDB77 /* Constants.swift */ = {isa = PBXFileReference; fileEncoding = 4; lastKnownFileType = sourcecode.swift; path = Constants.swift; sourceTree = "<group>"; };
		B52B01291D18AC29005BDB77 /* Hero.swift */ = {isa = PBXFileReference; fileEncoding = 4; lastKnownFileType = sourcecode.swift; path = Hero.swift; sourceTree = "<group>"; };
		B587C2501D4539C300CB7D13 /* Grid.swift */ = {isa = PBXFileReference; fileEncoding = 4; lastKnownFileType = sourcecode.swift; path = Grid.swift; sourceTree = "<group>"; };
		C908BE311D47ED87005879FD /* InfoController.swift */ = {isa = PBXFileReference; fileEncoding = 4; lastKnownFileType = sourcecode.swift; path = InfoController.swift; sourceTree = "<group>"; };
		C9147C791D1C4AD100294AAB /* Main.storyboard */ = {isa = PBXFileReference; fileEncoding = 4; lastKnownFileType = file.storyboard; name = Main.storyboard; path = ../Main.storyboard; sourceTree = "<group>"; };
		C9147C7B1D1C7C2100294AAB /* HeroInfoController.swift */ = {isa = PBXFileReference; fileEncoding = 4; lastKnownFileType = sourcecode.swift; path = HeroInfoController.swift; sourceTree = "<group>"; };
		C9147C811D21D1DB00294AAB /* SelectHeroController.swift */ = {isa = PBXFileReference; fileEncoding = 4; lastKnownFileType = sourcecode.swift; path = SelectHeroController.swift; sourceTree = "<group>"; };
		C99040B61D35920100400192 /* StartScreenController.swift */ = {isa = PBXFileReference; fileEncoding = 4; lastKnownFileType = sourcecode.swift; path = StartScreenController.swift; sourceTree = "<group>"; };
		C9F066D61D494C500037639C /* AchaidhCheide.mp3 */ = {isa = PBXFileReference; lastKnownFileType = audio.mp3; name = AchaidhCheide.mp3; path = ../../../../Downloads/AchaidhCheide.mp3; sourceTree = "<group>"; };
		C9F066D91D49B39F0037639C /* Angevin.mp3 */ = {isa = PBXFileReference; lastKnownFileType = audio.mp3; name = Angevin.mp3; path = ../../../../Downloads/Angevin.mp3; sourceTree = "<group>"; };
		C9F066DB1D4A95D00037639C /* Music.swift */ = {isa = PBXFileReference; fileEncoding = 4; lastKnownFileType = sourcecode.swift; path = Music.swift; sourceTree = "<group>"; };
		C9F066DD1D4AA6D90037639C /* OptionsViewController.swift */ = {isa = PBXFileReference; fileEncoding = 4; lastKnownFileType = sourcecode.swift; path = OptionsViewController.swift; sourceTree = "<group>"; };
		C9F066DF1D4BFD160037639C /* Errigal.mp3 */ = {isa = PBXFileReference; lastKnownFileType = audio.mp3; name = Errigal.mp3; path = ../../../../Downloads/Errigal.mp3; sourceTree = "<group>"; };
		C9F066E11D4BFD1F0037639C /* Celtic Impulse.mp3 */ = {isa = PBXFileReference; lastKnownFileType = audio.mp3; name = "Celtic Impulse.mp3"; path = "../../../../Downloads/Celtic Impulse.mp3"; sourceTree = "<group>"; };
		C9F066E31D4C01870037639C /* Folk Round.mp3 */ = {isa = PBXFileReference; lastKnownFileType = audio.mp3; name = "Folk Round.mp3"; path = "../../../../Downloads/Folk Round.mp3"; sourceTree = "<group>"; };
		C9F066E51D4C02500037639C /* Skye Cuillin.mp3 */ = {isa = PBXFileReference; lastKnownFileType = audio.mp3; name = "Skye Cuillin.mp3"; path = "../../../../Downloads/Skye Cuillin.mp3"; sourceTree = "<group>"; };
		C9F066E71D4C02560037639C /* Hidden Past.mp3 */ = {isa = PBXFileReference; lastKnownFileType = audio.mp3; name = "Hidden Past.mp3"; path = "../../../../Downloads/Hidden Past.mp3"; sourceTree = "<group>"; };
/* End PBXFileReference section */

/* Begin PBXFrameworksBuildPhase section */
		4C0373161D188AB50060A7D1 /* Frameworks */ = {
			isa = PBXFrameworksBuildPhase;
			buildActionMask = 2147483647;
			files = (
			);
			runOnlyForDeploymentPostprocessing = 0;
		};
		4C03732E1D188AB50060A7D1 /* Frameworks */ = {
			isa = PBXFrameworksBuildPhase;
			buildActionMask = 2147483647;
			files = (
			);
			runOnlyForDeploymentPostprocessing = 0;
		};
		4C0373391D188AB50060A7D1 /* Frameworks */ = {
			isa = PBXFrameworksBuildPhase;
			buildActionMask = 2147483647;
			files = (
			);
			runOnlyForDeploymentPostprocessing = 0;
		};
/* End PBXFrameworksBuildPhase section */

/* Begin PBXGroup section */
		4C0373101D188AB50060A7D1 = {
			isa = PBXGroup;
			children = (
				4C03731B1D188AB50060A7D1 /* ForgottenTrail */,
				4C0373341D188AB50060A7D1 /* ForgottenTrailTests */,
				4C03733F1D188AB50060A7D1 /* ForgottenTrailUITests */,
				4C03731A1D188AB50060A7D1 /* Products */,
			);
			sourceTree = "<group>";
		};
		4C03731A1D188AB50060A7D1 /* Products */ = {
			isa = PBXGroup;
			children = (
				4C0373191D188AB50060A7D1 /* ForgottenTrail.app */,
				4C0373311D188AB50060A7D1 /* ForgottenTrailTests.xctest */,
				4C03733C1D188AB50060A7D1 /* ForgottenTrailUITests.xctest */,
			);
			name = Products;
			sourceTree = "<group>";
		};
		4C03731B1D188AB50060A7D1 /* ForgottenTrail */ = {
			isa = PBXGroup;
			children = (
				4C03731C1D188AB50060A7D1 /* AppDelegate.swift */,
				4C03731E1D188AB50060A7D1 /* GameScene.sks */,
				4C0373201D188AB50060A7D1 /* GameScene.swift */,
				C9F066DB1D4A95D00037639C /* Music.swift */,
				C9F066DD1D4AA6D90037639C /* OptionsViewController.swift */,
				4C0373221D188AB50060A7D1 /* GameViewController.swift */,
				C9147C791D1C4AD100294AAB /* Main.storyboard */,
				C908BE311D47ED87005879FD /* InfoController.swift */,
				C9147C811D21D1DB00294AAB /* SelectHeroController.swift */,
				C9147C7B1D1C7C2100294AAB /* HeroInfoController.swift */,
				C99040B61D35920100400192 /* StartScreenController.swift */,
				4C0373271D188AB50060A7D1 /* Assets.xcassets */,
				4C0373291D188AB50060A7D1 /* LaunchScreen.storyboard */,
				4C03732C1D188AB50060A7D1 /* Info.plist */,
				B52B01271D18A159005BDB77 /* Constants.swift */,
				B52B01291D18AC29005BDB77 /* Hero.swift */,
				B587C2501D4539C300CB7D13 /* Grid.swift */,
				C9F066D81D49B1A80037639C /* Soundtrack */,
			);
			path = ForgottenTrail;
			sourceTree = "<group>";
		};
		4C0373341D188AB50060A7D1 /* ForgottenTrailTests */ = {
			isa = PBXGroup;
			children = (
				4C0373351D188AB50060A7D1 /* ForgottenTrailTests.swift */,
				4C0373371D188AB50060A7D1 /* Info.plist */,
			);
			path = ForgottenTrailTests;
			sourceTree = "<group>";
		};
		4C03733F1D188AB50060A7D1 /* ForgottenTrailUITests */ = {
			isa = PBXGroup;
			children = (
				4C0373401D188AB50060A7D1 /* ForgottenTrailUITests.swift */,
				4C0373421D188AB50060A7D1 /* Info.plist */,
			);
			path = ForgottenTrailUITests;
			sourceTree = "<group>";
		};
		C9F066D81D49B1A80037639C /* Soundtrack */ = {
			isa = PBXGroup;
			children = (
				C9F066DF1D4BFD160037639C /* Errigal.mp3 */,
				C9F066D91D49B39F0037639C /* Angevin.mp3 */,
				C9F066E11D4BFD1F0037639C /* Celtic Impulse.mp3 */,
				C9F066E71D4C02560037639C /* Hidden Past.mp3 */,
				C9F066E31D4C01870037639C /* Folk Round.mp3 */,
				C9F066E51D4C02500037639C /* Skye Cuillin.mp3 */,
				C9F066D61D494C500037639C /* AchaidhCheide.mp3 */,
			);
			name = Soundtrack;
			sourceTree = "<group>";
		};
/* End PBXGroup section */

/* Begin PBXNativeTarget section */
		4C0373181D188AB50060A7D1 /* ForgottenTrail */ = {
			isa = PBXNativeTarget;
			buildConfigurationList = 4C0373451D188AB50060A7D1 /* Build configuration list for PBXNativeTarget "ForgottenTrail" */;
			buildPhases = (
				4C0373151D188AB50060A7D1 /* Sources */,
				4C0373161D188AB50060A7D1 /* Frameworks */,
				4C0373171D188AB50060A7D1 /* Resources */,
			);
			buildRules = (
			);
			dependencies = (
			);
			name = ForgottenTrail;
			productName = ForgottenTrail;
			productReference = 4C0373191D188AB50060A7D1 /* ForgottenTrail.app */;
			productType = "com.apple.product-type.application";
		};
		4C0373301D188AB50060A7D1 /* ForgottenTrailTests */ = {
			isa = PBXNativeTarget;
			buildConfigurationList = 4C0373481D188AB50060A7D1 /* Build configuration list for PBXNativeTarget "ForgottenTrailTests" */;
			buildPhases = (
				4C03732D1D188AB50060A7D1 /* Sources */,
				4C03732E1D188AB50060A7D1 /* Frameworks */,
				4C03732F1D188AB50060A7D1 /* Resources */,
			);
			buildRules = (
			);
			dependencies = (
				4C0373331D188AB50060A7D1 /* PBXTargetDependency */,
			);
			name = ForgottenTrailTests;
			productName = ForgottenTrailTests;
			productReference = 4C0373311D188AB50060A7D1 /* ForgottenTrailTests.xctest */;
			productType = "com.apple.product-type.bundle.unit-test";
		};
		4C03733B1D188AB50060A7D1 /* ForgottenTrailUITests */ = {
			isa = PBXNativeTarget;
			buildConfigurationList = 4C03734B1D188AB50060A7D1 /* Build configuration list for PBXNativeTarget "ForgottenTrailUITests" */;
			buildPhases = (
				4C0373381D188AB50060A7D1 /* Sources */,
				4C0373391D188AB50060A7D1 /* Frameworks */,
				4C03733A1D188AB50060A7D1 /* Resources */,
			);
			buildRules = (
			);
			dependencies = (
				4C03733E1D188AB50060A7D1 /* PBXTargetDependency */,
			);
			name = ForgottenTrailUITests;
			productName = ForgottenTrailUITests;
			productReference = 4C03733C1D188AB50060A7D1 /* ForgottenTrailUITests.xctest */;
			productType = "com.apple.product-type.bundle.ui-testing";
		};
/* End PBXNativeTarget section */

/* Begin PBXProject section */
		4C0373111D188AB50060A7D1 /* Project object */ = {
			isa = PBXProject;
			attributes = {
				LastSwiftUpdateCheck = 0730;
				LastUpgradeCheck = 0730;
				ORGANIZATIONNAME = "newBorn Software Development Company";
				TargetAttributes = {
					4C0373181D188AB50060A7D1 = {
						CreatedOnToolsVersion = 7.3.1;
						DevelopmentTeam = 4Z7A4R7B97;
					};
					4C0373301D188AB50060A7D1 = {
						CreatedOnToolsVersion = 7.3.1;
						TestTargetID = 4C0373181D188AB50060A7D1;
					};
					4C03733B1D188AB50060A7D1 = {
						CreatedOnToolsVersion = 7.3.1;
						TestTargetID = 4C0373181D188AB50060A7D1;
					};
				};
			};
			buildConfigurationList = 4C0373141D188AB50060A7D1 /* Build configuration list for PBXProject "ForgottenTrail" */;
			compatibilityVersion = "Xcode 3.2";
			developmentRegion = English;
			hasScannedForEncodings = 0;
			knownRegions = (
				en,
				Base,
			);
			mainGroup = 4C0373101D188AB50060A7D1;
			productRefGroup = 4C03731A1D188AB50060A7D1 /* Products */;
			projectDirPath = "";
			projectRoot = "";
			targets = (
				4C0373181D188AB50060A7D1 /* ForgottenTrail */,
				4C0373301D188AB50060A7D1 /* ForgottenTrailTests */,
				4C03733B1D188AB50060A7D1 /* ForgottenTrailUITests */,
			);
		};
/* End PBXProject section */

/* Begin PBXResourcesBuildPhase section */
		4C0373171D188AB50060A7D1 /* Resources */ = {
			isa = PBXResourcesBuildPhase;
			buildActionMask = 2147483647;
			files = (
				4C03731F1D188AB50060A7D1 /* GameScene.sks in Resources */,
				C9F066D71D494C500037639C /* AchaidhCheide.mp3 in Resources */,
				C9F066E61D4C02500037639C /* Skye Cuillin.mp3 in Resources */,
				4C03732B1D188AB50060A7D1 /* LaunchScreen.storyboard in Resources */,
				C9F066E81D4C02560037639C /* Hidden Past.mp3 in Resources */,
				C9F066E21D4BFD1F0037639C /* Celtic Impulse.mp3 in Resources */,
				C9F066E41D4C01870037639C /* Folk Round.mp3 in Resources */,
				C9F066DA1D49B39F0037639C /* Angevin.mp3 in Resources */,
				4C0373281D188AB50060A7D1 /* Assets.xcassets in Resources */,
				C9F066E01D4BFD160037639C /* Errigal.mp3 in Resources */,
				C9147C7A1D1C4AD100294AAB /* Main.storyboard in Resources */,
			);
			runOnlyForDeploymentPostprocessing = 0;
		};
		4C03732F1D188AB50060A7D1 /* Resources */ = {
			isa = PBXResourcesBuildPhase;
			buildActionMask = 2147483647;
			files = (
			);
			runOnlyForDeploymentPostprocessing = 0;
		};
		4C03733A1D188AB50060A7D1 /* Resources */ = {
			isa = PBXResourcesBuildPhase;
			buildActionMask = 2147483647;
			files = (
			);
			runOnlyForDeploymentPostprocessing = 0;
		};
/* End PBXResourcesBuildPhase section */

/* Begin PBXSourcesBuildPhase section */
		4C0373151D188AB50060A7D1 /* Sources */ = {
			isa = PBXSourcesBuildPhase;
			buildActionMask = 2147483647;
			files = (
				C99040B71D35920100400192 /* StartScreenController.swift in Sources */,
				B52B012A1D18AC29005BDB77 /* Hero.swift in Sources */,
				4C0373211D188AB50060A7D1 /* GameScene.swift in Sources */,
				4C0373231D188AB50060A7D1 /* GameViewController.swift in Sources */,
				C9147C821D21D1DB00294AAB /* SelectHeroController.swift in Sources */,
				C9147C7C1D1C7C2100294AAB /* HeroInfoController.swift in Sources */,
				4C03731D1D188AB50060A7D1 /* AppDelegate.swift in Sources */,
				B52B01281D18A159005BDB77 /* Constants.swift in Sources */,
				B587C2511D4539C300CB7D13 /* Grid.swift in Sources */,
				C9F066DE1D4AA6D90037639C /* OptionsViewController.swift in Sources */,
				C9F066DC1D4A95D00037639C /* Music.swift in Sources */,
				C908BE321D47ED87005879FD /* InfoController.swift in Sources */,
			);
			runOnlyForDeploymentPostprocessing = 0;
		};
		4C03732D1D188AB50060A7D1 /* Sources */ = {
			isa = PBXSourcesBuildPhase;
			buildActionMask = 2147483647;
			files = (
				4C0373361D188AB50060A7D1 /* ForgottenTrailTests.swift in Sources */,
			);
			runOnlyForDeploymentPostprocessing = 0;
		};
		4C0373381D188AB50060A7D1 /* Sources */ = {
			isa = PBXSourcesBuildPhase;
			buildActionMask = 2147483647;
			files = (
				4C0373411D188AB50060A7D1 /* ForgottenTrailUITests.swift in Sources */,
			);
			runOnlyForDeploymentPostprocessing = 0;
		};
/* End PBXSourcesBuildPhase section */

/* Begin PBXTargetDependency section */
		4C0373331D188AB50060A7D1 /* PBXTargetDependency */ = {
			isa = PBXTargetDependency;
			target = 4C0373181D188AB50060A7D1 /* ForgottenTrail */;
			targetProxy = 4C0373321D188AB50060A7D1 /* PBXContainerItemProxy */;
		};
		4C03733E1D188AB50060A7D1 /* PBXTargetDependency */ = {
			isa = PBXTargetDependency;
			target = 4C0373181D188AB50060A7D1 /* ForgottenTrail */;
			targetProxy = 4C03733D1D188AB50060A7D1 /* PBXContainerItemProxy */;
		};
/* End PBXTargetDependency section */

/* Begin PBXVariantGroup section */
		4C0373291D188AB50060A7D1 /* LaunchScreen.storyboard */ = {
			isa = PBXVariantGroup;
			children = (
				4C03732A1D188AB50060A7D1 /* Base */,
			);
			name = LaunchScreen.storyboard;
			sourceTree = "<group>";
		};
/* End PBXVariantGroup section */

/* Begin XCBuildConfiguration section */
		4C0373431D188AB50060A7D1 /* Debug */ = {
			isa = XCBuildConfiguration;
			buildSettings = {
				ALWAYS_SEARCH_USER_PATHS = NO;
				CLANG_ANALYZER_NONNULL = YES;
				CLANG_CXX_LANGUAGE_STANDARD = "gnu++0x";
				CLANG_CXX_LIBRARY = "libc++";
				CLANG_ENABLE_MODULES = YES;
				CLANG_ENABLE_OBJC_ARC = YES;
				CLANG_WARN_BOOL_CONVERSION = YES;
				CLANG_WARN_CONSTANT_CONVERSION = YES;
				CLANG_WARN_DIRECT_OBJC_ISA_USAGE = YES_ERROR;
				CLANG_WARN_EMPTY_BODY = YES;
				CLANG_WARN_ENUM_CONVERSION = YES;
				CLANG_WARN_INT_CONVERSION = YES;
				CLANG_WARN_OBJC_ROOT_CLASS = YES_ERROR;
				CLANG_WARN_UNREACHABLE_CODE = YES;
				CLANG_WARN__DUPLICATE_METHOD_MATCH = YES;
				"CODE_SIGN_IDENTITY[sdk=iphoneos*]" = "iPhone Developer";
				COPY_PHASE_STRIP = NO;
				DEBUG_INFORMATION_FORMAT = "dwarf-with-dsym";
				ENABLE_STRICT_OBJC_MSGSEND = YES;
				ENABLE_TESTABILITY = YES;
				GCC_C_LANGUAGE_STANDARD = gnu99;
				GCC_DYNAMIC_NO_PIC = NO;
				GCC_NO_COMMON_BLOCKS = YES;
				GCC_OPTIMIZATION_LEVEL = 0;
				GCC_PREPROCESSOR_DEFINITIONS = (
					"DEBUG=1",
					"$(inherited)",
				);
				GCC_WARN_64_TO_32_BIT_CONVERSION = YES;
				GCC_WARN_ABOUT_RETURN_TYPE = YES_ERROR;
				GCC_WARN_UNDECLARED_SELECTOR = YES;
				GCC_WARN_UNINITIALIZED_AUTOS = YES_AGGRESSIVE;
				GCC_WARN_UNUSED_FUNCTION = YES;
				GCC_WARN_UNUSED_VARIABLE = YES;
				IPHONEOS_DEPLOYMENT_TARGET = 9.3;
				MTL_ENABLE_DEBUG_INFO = YES;
				ONLY_ACTIVE_ARCH = YES;
				SDKROOT = iphoneos;
				SWIFT_OPTIMIZATION_LEVEL = "-Onone";
				TARGETED_DEVICE_FAMILY = "1,2";
			};
			name = Debug;
		};
		4C0373441D188AB50060A7D1 /* Release */ = {
			isa = XCBuildConfiguration;
			buildSettings = {
				ALWAYS_SEARCH_USER_PATHS = NO;
				CLANG_ANALYZER_NONNULL = YES;
				CLANG_CXX_LANGUAGE_STANDARD = "gnu++0x";
				CLANG_CXX_LIBRARY = "libc++";
				CLANG_ENABLE_MODULES = YES;
				CLANG_ENABLE_OBJC_ARC = YES;
				CLANG_WARN_BOOL_CONVERSION = YES;
				CLANG_WARN_CONSTANT_CONVERSION = YES;
				CLANG_WARN_DIRECT_OBJC_ISA_USAGE = YES_ERROR;
				CLANG_WARN_EMPTY_BODY = YES;
				CLANG_WARN_ENUM_CONVERSION = YES;
				CLANG_WARN_INT_CONVERSION = YES;
				CLANG_WARN_OBJC_ROOT_CLASS = YES_ERROR;
				CLANG_WARN_UNREACHABLE_CODE = YES;
				CLANG_WARN__DUPLICATE_METHOD_MATCH = YES;
				"CODE_SIGN_IDENTITY[sdk=iphoneos*]" = "iPhone Developer";
				COPY_PHASE_STRIP = NO;
				DEBUG_INFORMATION_FORMAT = "dwarf-with-dsym";
				ENABLE_NS_ASSERTIONS = NO;
				ENABLE_STRICT_OBJC_MSGSEND = YES;
				GCC_C_LANGUAGE_STANDARD = gnu99;
				GCC_NO_COMMON_BLOCKS = YES;
				GCC_WARN_64_TO_32_BIT_CONVERSION = YES;
				GCC_WARN_ABOUT_RETURN_TYPE = YES_ERROR;
				GCC_WARN_UNDECLARED_SELECTOR = YES;
				GCC_WARN_UNINITIALIZED_AUTOS = YES_AGGRESSIVE;
				GCC_WARN_UNUSED_FUNCTION = YES;
				GCC_WARN_UNUSED_VARIABLE = YES;
				IPHONEOS_DEPLOYMENT_TARGET = 9.3;
				MTL_ENABLE_DEBUG_INFO = NO;
				SDKROOT = iphoneos;
				TARGETED_DEVICE_FAMILY = "1,2";
				VALIDATE_PRODUCT = YES;
			};
			name = Release;
		};
		4C0373461D188AB50060A7D1 /* Debug */ = {
			isa = XCBuildConfiguration;
			buildSettings = {
				ASSETCATALOG_COMPILER_APPICON_NAME = AppIcon;
				CODE_SIGN_IDENTITY = "iPhone Developer";
				"CODE_SIGN_IDENTITY[sdk=iphoneos*]" = "iPhone Developer";
				INFOPLIST_FILE = ForgottenTrail/Info.plist;
				LD_RUNPATH_SEARCH_PATHS = "$(inherited) @executable_path/Frameworks";
				PRODUCT_BUNDLE_IDENTIFIER = com.newBornSoftwareDevelopment.ForgottenTrail;
				PRODUCT_NAME = "$(TARGET_NAME)";
				PROVISIONING_PROFILE = "";
			};
			name = Debug;
		};
		4C0373471D188AB50060A7D1 /* Release */ = {
			isa = XCBuildConfiguration;
			buildSettings = {
				ASSETCATALOG_COMPILER_APPICON_NAME = AppIcon;
				CODE_SIGN_IDENTITY = "iPhone Developer";
				"CODE_SIGN_IDENTITY[sdk=iphoneos*]" = "iPhone Developer";
				INFOPLIST_FILE = ForgottenTrail/Info.plist;
				LD_RUNPATH_SEARCH_PATHS = "$(inherited) @executable_path/Frameworks";
				PRODUCT_BUNDLE_IDENTIFIER = com.newBornSoftwareDevelopment.ForgottenTrail;
				PRODUCT_NAME = "$(TARGET_NAME)";
				PROVISIONING_PROFILE = "";
			};
			name = Release;
		};
		4C0373491D188AB50060A7D1 /* Debug */ = {
			isa = XCBuildConfiguration;
			buildSettings = {
				BUNDLE_LOADER = "$(TEST_HOST)";
				DEBUG_INFORMATION_FORMAT = dwarf;
				INFOPLIST_FILE = ForgottenTrailTests/Info.plist;
				LD_RUNPATH_SEARCH_PATHS = "$(inherited) @executable_path/Frameworks @loader_path/Frameworks";
				PRODUCT_BUNDLE_IDENTIFIER = com.newBornSoftwareDevelopment.ForgottenTrailTests;
				PRODUCT_NAME = "$(TARGET_NAME)";
				TEST_HOST = "$(BUILT_PRODUCTS_DIR)/ForgottenTrail.app/ForgottenTrail";
			};
			name = Debug;
		};
		4C03734A1D188AB50060A7D1 /* Release */ = {
			isa = XCBuildConfiguration;
			buildSettings = {
				BUNDLE_LOADER = "$(TEST_HOST)";
				INFOPLIST_FILE = ForgottenTrailTests/Info.plist;
				LD_RUNPATH_SEARCH_PATHS = "$(inherited) @executable_path/Frameworks @loader_path/Frameworks";
				PRODUCT_BUNDLE_IDENTIFIER = com.newBornSoftwareDevelopment.ForgottenTrailTests;
				PRODUCT_NAME = "$(TARGET_NAME)";
				TEST_HOST = "$(BUILT_PRODUCTS_DIR)/ForgottenTrail.app/ForgottenTrail";
			};
			name = Release;
		};
		4C03734C1D188AB50060A7D1 /* Debug */ = {
			isa = XCBuildConfiguration;
			buildSettings = {
				DEBUG_INFORMATION_FORMAT = dwarf;
				INFOPLIST_FILE = ForgottenTrailUITests/Info.plist;
				LD_RUNPATH_SEARCH_PATHS = "$(inherited) @executable_path/Frameworks @loader_path/Frameworks";
				PRODUCT_BUNDLE_IDENTIFIER = com.newBornSoftwareDevelopment.ForgottenTrailUITests;
				PRODUCT_NAME = "$(TARGET_NAME)";
				TEST_TARGET_NAME = ForgottenTrail;
			};
			name = Debug;
		};
		4C03734D1D188AB50060A7D1 /* Release */ = {
			isa = XCBuildConfiguration;
			buildSettings = {
				INFOPLIST_FILE = ForgottenTrailUITests/Info.plist;
				LD_RUNPATH_SEARCH_PATHS = "$(inherited) @executable_path/Frameworks @loader_path/Frameworks";
				PRODUCT_BUNDLE_IDENTIFIER = com.newBornSoftwareDevelopment.ForgottenTrailUITests;
				PRODUCT_NAME = "$(TARGET_NAME)";
				TEST_TARGET_NAME = ForgottenTrail;
			};
			name = Release;
		};
/* End XCBuildConfiguration section */

/* Begin XCConfigurationList section */
		4C0373141D188AB50060A7D1 /* Build configuration list for PBXProject "ForgottenTrail" */ = {
			isa = XCConfigurationList;
			buildConfigurations = (
				4C0373431D188AB50060A7D1 /* Debug */,
				4C0373441D188AB50060A7D1 /* Release */,
			);
			defaultConfigurationIsVisible = 0;
			defaultConfigurationName = Release;
		};
		4C0373451D188AB50060A7D1 /* Build configuration list for PBXNativeTarget "ForgottenTrail" */ = {
			isa = XCConfigurationList;
			buildConfigurations = (
				4C0373461D188AB50060A7D1 /* Debug */,
				4C0373471D188AB50060A7D1 /* Release */,
			);
			defaultConfigurationIsVisible = 0;
			defaultConfigurationName = Release;
		};
		4C0373481D188AB50060A7D1 /* Build configuration list for PBXNativeTarget "ForgottenTrailTests" */ = {
			isa = XCConfigurationList;
			buildConfigurations = (
				4C0373491D188AB50060A7D1 /* Debug */,
				4C03734A1D188AB50060A7D1 /* Release */,
			);
			defaultConfigurationIsVisible = 0;
			defaultConfigurationName = Release;
		};
		4C03734B1D188AB50060A7D1 /* Build configuration list for PBXNativeTarget "ForgottenTrailUITests" */ = {
			isa = XCConfigurationList;
			buildConfigurations = (
				4C03734C1D188AB50060A7D1 /* Debug */,
				4C03734D1D188AB50060A7D1 /* Release */,
			);
			defaultConfigurationIsVisible = 0;
			defaultConfigurationName = Release;
		};
/* End XCConfigurationList section */
	};
	rootObject = 4C0373111D188AB50060A7D1 /* Project object */;
}
